
Microsoft Visual Studio Solution File, Format Version 12.00
# Visual Studio 2013
VisualStudioVersion = 12.0.40302.0
MinimumVisualStudioVersion = 10.0.40219.1
Project("{2150E333-8FDC-42A3-9474-1A3956D46DE8}") = "Solution Items", "Solution Items", "{AEE6B501-CF9D-4BBD-AED7-D3AAFCD0718A}"
	ProjectSection(SolutionItems) = preProject
		LanguageToolsTasks.xlsx = LanguageToolsTasks.xlsx
		Web.config = Web.config
	EndProjectSection
EndProject
Project("{FAE04EC0-301F-11D3-BF4B-00C04F79EFBC}") = "Transliterator", "Transliterator\Transliterator.csproj", "{9AEF5ED9-6361-4728-820F-4FDACA1D5733}"
EndProject
Project("{FAE04EC0-301F-11D3-BF4B-00C04F79EFBC}") = "LanguageRepository", "Repository\LanguageRepository.csproj", "{EF7A25E2-F099-44EC-9392-B9AB2ACEF6E1}"
EndProject
Project("{FAE04EC0-301F-11D3-BF4B-00C04F79EFBC}") = "Transliteration", "Transliteration\Transliteration.csproj", "{D5F7CB6F-800E-4B1F-AB26-14EE8D99009E}"
EndProject
Project("{FAE04EC0-301F-11D3-BF4B-00C04F79EFBC}") = "Dictionary", "Dictionary\Dictionary.csproj", "{98791126-E875-4DB1-A81E-4E5A1E136E6F}"
EndProject
Project("{FAE04EC0-301F-11D3-BF4B-00C04F79EFBC}") = "TransliterationEditor", "TransliterationEditor\TransliterationEditor.csproj", "{9EF6C17F-20DC-4BA7-A493-27917DF4CC9A}"
EndProject
Project("{FAE04EC0-301F-11D3-BF4B-00C04F79EFBC}") = "TestLanguageTools", "TestLanguageTools\TestLanguageTools.csproj", "{B67457A8-3A4A-4D3A-BA91-5297FBCBA641}"
EndProject
Project("{FAE04EC0-301F-11D3-BF4B-00C04F79EFBC}") = "AuxiliaryConsoleApplication", "AuxiliaryConsoleApplication\AuxiliaryConsoleApplication.csproj", "{C8C01BF9-E2C6-44CE-B614-63354DFFA7B5}"
EndProject
Project("{FAE04EC0-301F-11D3-BF4B-00C04F79EFBC}") = "DocumentConverter", "DocumentConverter\DocumentConverter.csproj", "{412153FF-046E-489E-A6A6-2E53A065E859}"
EndProject
Project("{FAE04EC0-301F-11D3-BF4B-00C04F79EFBC}") = "TextAnalyzer", "TextAnalyzer\TextAnalyzer.csproj", "{9A334BF9-42CE-4DB5-91D4-4443A83F20CB}"
EndProject
Project("{FAE04EC0-301F-11D3-BF4B-00C04F79EFBC}") = "TextAnalyzerAddIn", "TextAnalyzerAddIn\TextAnalyzerAddIn.csproj", "{32BD8D32-DBC0-41D2-99AD-2E5B3E0CC928}"
EndProject
Project("{FAE04EC0-301F-11D3-BF4B-00C04F79EFBC}") = "GoogleTranslate", "GoogleTranslate\GoogleTranslate.csproj", "{84C85D72-5CA9-4C76-838F-9A9FBA0F59FF}"
EndProject
Global
	GlobalSection(SolutionConfigurationPlatforms) = preSolution
		Debug|Any CPU = Debug|Any CPU
		Debug|Mixed Platforms = Debug|Mixed Platforms
		Debug|Win32 = Debug|Win32
		Debug|x64 = Debug|x64
		Debug|x86 = Debug|x86
		IIS 6.0|Any CPU = IIS 6.0|Any CPU
		IIS 6.0|Mixed Platforms = IIS 6.0|Mixed Platforms
		IIS 6.0|Win32 = IIS 6.0|Win32
		IIS 6.0|x64 = IIS 6.0|x64
		IIS 6.0|x86 = IIS 6.0|x86
		Release|Any CPU = Release|Any CPU
		Release|Mixed Platforms = Release|Mixed Platforms
		Release|Win32 = Release|Win32
		Release|x64 = Release|x64
		Release|x86 = Release|x86
	EndGlobalSection
	GlobalSection(ProjectConfigurationPlatforms) = postSolution
		{9AEF5ED9-6361-4728-820F-4FDACA1D5733}.Debug|Any CPU.ActiveCfg = Debug|Any CPU
		{9AEF5ED9-6361-4728-820F-4FDACA1D5733}.Debug|Any CPU.Build.0 = Debug|Any CPU
		{9AEF5ED9-6361-4728-820F-4FDACA1D5733}.Debug|Mixed Platforms.ActiveCfg = Debug|Any CPU
		{9AEF5ED9-6361-4728-820F-4FDACA1D5733}.Debug|Mixed Platforms.Build.0 = Debug|Any CPU
		{9AEF5ED9-6361-4728-820F-4FDACA1D5733}.Debug|Win32.ActiveCfg = Debug|Any CPU
		{9AEF5ED9-6361-4728-820F-4FDACA1D5733}.Debug|x64.ActiveCfg = Debug|Any CPU
		{9AEF5ED9-6361-4728-820F-4FDACA1D5733}.Debug|x64.Build.0 = Debug|Any CPU
		{9AEF5ED9-6361-4728-820F-4FDACA1D5733}.Debug|x86.ActiveCfg = Debug|Any CPU
		{9AEF5ED9-6361-4728-820F-4FDACA1D5733}.IIS 6.0|Any CPU.ActiveCfg = IIS 6.0|Any CPU
		{9AEF5ED9-6361-4728-820F-4FDACA1D5733}.IIS 6.0|Any CPU.Build.0 = IIS 6.0|Any CPU
		{9AEF5ED9-6361-4728-820F-4FDACA1D5733}.IIS 6.0|Mixed Platforms.ActiveCfg = IIS 6.0|Any CPU
		{9AEF5ED9-6361-4728-820F-4FDACA1D5733}.IIS 6.0|Mixed Platforms.Build.0 = IIS 6.0|Any CPU
		{9AEF5ED9-6361-4728-820F-4FDACA1D5733}.IIS 6.0|Win32.ActiveCfg = IIS 6.0|Any CPU
		{9AEF5ED9-6361-4728-820F-4FDACA1D5733}.IIS 6.0|x64.ActiveCfg = IIS 6.0|Any CPU
		{9AEF5ED9-6361-4728-820F-4FDACA1D5733}.IIS 6.0|x86.ActiveCfg = IIS 6.0|Any CPU
		{9AEF5ED9-6361-4728-820F-4FDACA1D5733}.Release|Any CPU.ActiveCfg = Release|Any CPU
		{9AEF5ED9-6361-4728-820F-4FDACA1D5733}.Release|Any CPU.Build.0 = Release|Any CPU
		{9AEF5ED9-6361-4728-820F-4FDACA1D5733}.Release|Mixed Platforms.ActiveCfg = Release|Any CPU
		{9AEF5ED9-6361-4728-820F-4FDACA1D5733}.Release|Mixed Platforms.Build.0 = Release|Any CPU
		{9AEF5ED9-6361-4728-820F-4FDACA1D5733}.Release|Win32.ActiveCfg = Release|Any CPU
		{9AEF5ED9-6361-4728-820F-4FDACA1D5733}.Release|x64.ActiveCfg = Release|Any CPU
		{9AEF5ED9-6361-4728-820F-4FDACA1D5733}.Release|x64.Build.0 = Release|Any CPU
		{9AEF5ED9-6361-4728-820F-4FDACA1D5733}.Release|x86.ActiveCfg = Release|Any CPU
		{EF7A25E2-F099-44EC-9392-B9AB2ACEF6E1}.Debug|Any CPU.ActiveCfg = Debug|Any CPU
		{EF7A25E2-F099-44EC-9392-B9AB2ACEF6E1}.Debug|Any CPU.Build.0 = Debug|Any CPU
		{EF7A25E2-F099-44EC-9392-B9AB2ACEF6E1}.Debug|Mixed Platforms.ActiveCfg = Debug|Any CPU
		{EF7A25E2-F099-44EC-9392-B9AB2ACEF6E1}.Debug|Mixed Platforms.Build.0 = Debug|Any CPU
		{EF7A25E2-F099-44EC-9392-B9AB2ACEF6E1}.Debug|Win32.ActiveCfg = Debug|Any CPU
		{EF7A25E2-F099-44EC-9392-B9AB2ACEF6E1}.Debug|x64.ActiveCfg = Debug|Any CPU
		{EF7A25E2-F099-44EC-9392-B9AB2ACEF6E1}.Debug|x64.Build.0 = Debug|Any CPU
		{EF7A25E2-F099-44EC-9392-B9AB2ACEF6E1}.Debug|x86.ActiveCfg = Debug|Any CPU
		{EF7A25E2-F099-44EC-9392-B9AB2ACEF6E1}.IIS 6.0|Any CPU.ActiveCfg = IIS 6.0|Any CPU
		{EF7A25E2-F099-44EC-9392-B9AB2ACEF6E1}.IIS 6.0|Any CPU.Build.0 = IIS 6.0|Any CPU
		{EF7A25E2-F099-44EC-9392-B9AB2ACEF6E1}.IIS 6.0|Mixed Platforms.ActiveCfg = IIS 6.0|Any CPU
		{EF7A25E2-F099-44EC-9392-B9AB2ACEF6E1}.IIS 6.0|Mixed Platforms.Build.0 = IIS 6.0|Any CPU
		{EF7A25E2-F099-44EC-9392-B9AB2ACEF6E1}.IIS 6.0|Win32.ActiveCfg = IIS 6.0|Any CPU
		{EF7A25E2-F099-44EC-9392-B9AB2ACEF6E1}.IIS 6.0|x64.ActiveCfg = IIS 6.0|Any CPU
		{EF7A25E2-F099-44EC-9392-B9AB2ACEF6E1}.IIS 6.0|x86.ActiveCfg = IIS 6.0|Any CPU
		{EF7A25E2-F099-44EC-9392-B9AB2ACEF6E1}.Release|Any CPU.ActiveCfg = Release|Any CPU
		{EF7A25E2-F099-44EC-9392-B9AB2ACEF6E1}.Release|Any CPU.Build.0 = Release|Any CPU
		{EF7A25E2-F099-44EC-9392-B9AB2ACEF6E1}.Release|Mixed Platforms.ActiveCfg = Release|Any CPU
		{EF7A25E2-F099-44EC-9392-B9AB2ACEF6E1}.Release|Mixed Platforms.Build.0 = Release|Any CPU
		{EF7A25E2-F099-44EC-9392-B9AB2ACEF6E1}.Release|Win32.ActiveCfg = Release|Any CPU
		{EF7A25E2-F099-44EC-9392-B9AB2ACEF6E1}.Release|x64.ActiveCfg = Release|Any CPU
		{EF7A25E2-F099-44EC-9392-B9AB2ACEF6E1}.Release|x64.Build.0 = Release|Any CPU
		{EF7A25E2-F099-44EC-9392-B9AB2ACEF6E1}.Release|x86.ActiveCfg = Release|Any CPU
		{D5F7CB6F-800E-4B1F-AB26-14EE8D99009E}.Debug|Any CPU.ActiveCfg = Debug|Any CPU
		{D5F7CB6F-800E-4B1F-AB26-14EE8D99009E}.Debug|Any CPU.Build.0 = Debug|Any CPU
		{D5F7CB6F-800E-4B1F-AB26-14EE8D99009E}.Debug|Mixed Platforms.ActiveCfg = Debug|Any CPU
		{D5F7CB6F-800E-4B1F-AB26-14EE8D99009E}.Debug|Mixed Platforms.Build.0 = Debug|Any CPU
		{D5F7CB6F-800E-4B1F-AB26-14EE8D99009E}.Debug|Win32.ActiveCfg = Debug|Any CPU
		{D5F7CB6F-800E-4B1F-AB26-14EE8D99009E}.Debug|x64.ActiveCfg = Debug|Any CPU
		{D5F7CB6F-800E-4B1F-AB26-14EE8D99009E}.Debug|x64.Build.0 = Debug|Any CPU
		{D5F7CB6F-800E-4B1F-AB26-14EE8D99009E}.Debug|x86.ActiveCfg = Debug|Any CPU
		{D5F7CB6F-800E-4B1F-AB26-14EE8D99009E}.IIS 6.0|Any CPU.ActiveCfg = IIS 6.0|Any CPU
		{D5F7CB6F-800E-4B1F-AB26-14EE8D99009E}.IIS 6.0|Any CPU.Build.0 = IIS 6.0|Any CPU
		{D5F7CB6F-800E-4B1F-AB26-14EE8D99009E}.IIS 6.0|Mixed Platforms.ActiveCfg = IIS 6.0|Any CPU
		{D5F7CB6F-800E-4B1F-AB26-14EE8D99009E}.IIS 6.0|Mixed Platforms.Build.0 = IIS 6.0|Any CPU
		{D5F7CB6F-800E-4B1F-AB26-14EE8D99009E}.IIS 6.0|Win32.ActiveCfg = IIS 6.0|Any CPU
		{D5F7CB6F-800E-4B1F-AB26-14EE8D99009E}.IIS 6.0|x64.ActiveCfg = IIS 6.0|Any CPU
		{D5F7CB6F-800E-4B1F-AB26-14EE8D99009E}.IIS 6.0|x86.ActiveCfg = IIS 6.0|Any CPU
		{D5F7CB6F-800E-4B1F-AB26-14EE8D99009E}.Release|Any CPU.ActiveCfg = Release|Any CPU
		{D5F7CB6F-800E-4B1F-AB26-14EE8D99009E}.Release|Any CPU.Build.0 = Release|Any CPU
		{D5F7CB6F-800E-4B1F-AB26-14EE8D99009E}.Release|Mixed Platforms.ActiveCfg = Release|Any CPU
		{D5F7CB6F-800E-4B1F-AB26-14EE8D99009E}.Release|Mixed Platforms.Build.0 = Release|Any CPU
		{D5F7CB6F-800E-4B1F-AB26-14EE8D99009E}.Release|Win32.ActiveCfg = Release|Any CPU
		{D5F7CB6F-800E-4B1F-AB26-14EE8D99009E}.Release|x64.ActiveCfg = Release|Any CPU
		{D5F7CB6F-800E-4B1F-AB26-14EE8D99009E}.Release|x64.Build.0 = Release|Any CPU
		{D5F7CB6F-800E-4B1F-AB26-14EE8D99009E}.Release|x86.ActiveCfg = Release|Any CPU
		{98791126-E875-4DB1-A81E-4E5A1E136E6F}.Debug|Any CPU.ActiveCfg = Debug|Any CPU
		{98791126-E875-4DB1-A81E-4E5A1E136E6F}.Debug|Any CPU.Build.0 = Debug|Any CPU
		{98791126-E875-4DB1-A81E-4E5A1E136E6F}.Debug|Mixed Platforms.ActiveCfg = Debug|x86
		{98791126-E875-4DB1-A81E-4E5A1E136E6F}.Debug|Mixed Platforms.Build.0 = Debug|x86
		{98791126-E875-4DB1-A81E-4E5A1E136E6F}.Debug|Win32.ActiveCfg = Debug|x86
		{98791126-E875-4DB1-A81E-4E5A1E136E6F}.Debug|Win32.Build.0 = Debug|x86
		{98791126-E875-4DB1-A81E-4E5A1E136E6F}.Debug|x64.ActiveCfg = Debug|Any CPU
		{98791126-E875-4DB1-A81E-4E5A1E136E6F}.Debug|x64.Build.0 = Debug|Any CPU
		{98791126-E875-4DB1-A81E-4E5A1E136E6F}.Debug|x86.ActiveCfg = Debug|x86
		{98791126-E875-4DB1-A81E-4E5A1E136E6F}.Debug|x86.Build.0 = Debug|x86
		{98791126-E875-4DB1-A81E-4E5A1E136E6F}.IIS 6.0|Any CPU.ActiveCfg = Release|x86
		{98791126-E875-4DB1-A81E-4E5A1E136E6F}.IIS 6.0|Mixed Platforms.ActiveCfg = Release|x86
		{98791126-E875-4DB1-A81E-4E5A1E136E6F}.IIS 6.0|Mixed Platforms.Build.0 = Release|x86
		{98791126-E875-4DB1-A81E-4E5A1E136E6F}.IIS 6.0|Win32.ActiveCfg = Release|x86
		{98791126-E875-4DB1-A81E-4E5A1E136E6F}.IIS 6.0|Win32.Build.0 = Release|x86
		{98791126-E875-4DB1-A81E-4E5A1E136E6F}.IIS 6.0|x64.ActiveCfg = Release|Any CPU
		{98791126-E875-4DB1-A81E-4E5A1E136E6F}.IIS 6.0|x86.ActiveCfg = Release|x86
		{98791126-E875-4DB1-A81E-4E5A1E136E6F}.IIS 6.0|x86.Build.0 = Release|x86
		{98791126-E875-4DB1-A81E-4E5A1E136E6F}.Release|Any CPU.ActiveCfg = Release|Any CPU
		{98791126-E875-4DB1-A81E-4E5A1E136E6F}.Release|Any CPU.Build.0 = Release|Any CPU
		{98791126-E875-4DB1-A81E-4E5A1E136E6F}.Release|Mixed Platforms.ActiveCfg = Release|x86
		{98791126-E875-4DB1-A81E-4E5A1E136E6F}.Release|Mixed Platforms.Build.0 = Release|x86
		{98791126-E875-4DB1-A81E-4E5A1E136E6F}.Release|Win32.ActiveCfg = Release|x86
		{98791126-E875-4DB1-A81E-4E5A1E136E6F}.Release|Win32.Build.0 = Release|x86
		{98791126-E875-4DB1-A81E-4E5A1E136E6F}.Release|x64.ActiveCfg = Release|Any CPU
		{98791126-E875-4DB1-A81E-4E5A1E136E6F}.Release|x64.Build.0 = Release|Any CPU
		{98791126-E875-4DB1-A81E-4E5A1E136E6F}.Release|x86.ActiveCfg = Release|x86
		{98791126-E875-4DB1-A81E-4E5A1E136E6F}.Release|x86.Build.0 = Release|x86
		{9EF6C17F-20DC-4BA7-A493-27917DF4CC9A}.Debug|Any CPU.ActiveCfg = Debug|Any CPU
		{9EF6C17F-20DC-4BA7-A493-27917DF4CC9A}.Debug|Any CPU.Build.0 = Debug|Any CPU
		{9EF6C17F-20DC-4BA7-A493-27917DF4CC9A}.Debug|Mixed Platforms.ActiveCfg = Debug|x86
		{9EF6C17F-20DC-4BA7-A493-27917DF4CC9A}.Debug|Mixed Platforms.Build.0 = Debug|x86
		{9EF6C17F-20DC-4BA7-A493-27917DF4CC9A}.Debug|Win32.ActiveCfg = Debug|x86
		{9EF6C17F-20DC-4BA7-A493-27917DF4CC9A}.Debug|Win32.Build.0 = Debug|x86
		{9EF6C17F-20DC-4BA7-A493-27917DF4CC9A}.Debug|x64.ActiveCfg = Debug|Any CPU
		{9EF6C17F-20DC-4BA7-A493-27917DF4CC9A}.Debug|x64.Build.0 = Debug|Any CPU
		{9EF6C17F-20DC-4BA7-A493-27917DF4CC9A}.Debug|x86.ActiveCfg = Debug|x86
		{9EF6C17F-20DC-4BA7-A493-27917DF4CC9A}.Debug|x86.Build.0 = Debug|x86
		{9EF6C17F-20DC-4BA7-A493-27917DF4CC9A}.IIS 6.0|Any CPU.ActiveCfg = Release|x86
		{9EF6C17F-20DC-4BA7-A493-27917DF4CC9A}.IIS 6.0|Mixed Platforms.ActiveCfg = Release|x86
		{9EF6C17F-20DC-4BA7-A493-27917DF4CC9A}.IIS 6.0|Mixed Platforms.Build.0 = Release|x86
		{9EF6C17F-20DC-4BA7-A493-27917DF4CC9A}.IIS 6.0|Win32.ActiveCfg = Release|x86
		{9EF6C17F-20DC-4BA7-A493-27917DF4CC9A}.IIS 6.0|Win32.Build.0 = Release|x86
		{9EF6C17F-20DC-4BA7-A493-27917DF4CC9A}.IIS 6.0|x64.ActiveCfg = Release|Any CPU
		{9EF6C17F-20DC-4BA7-A493-27917DF4CC9A}.IIS 6.0|x86.ActiveCfg = Release|x86
		{9EF6C17F-20DC-4BA7-A493-27917DF4CC9A}.IIS 6.0|x86.Build.0 = Release|x86
		{9EF6C17F-20DC-4BA7-A493-27917DF4CC9A}.Release|Any CPU.ActiveCfg = Release|Any CPU
		{9EF6C17F-20DC-4BA7-A493-27917DF4CC9A}.Release|Any CPU.Build.0 = Release|Any CPU
		{9EF6C17F-20DC-4BA7-A493-27917DF4CC9A}.Release|Mixed Platforms.ActiveCfg = Release|x86
		{9EF6C17F-20DC-4BA7-A493-27917DF4CC9A}.Release|Mixed Platforms.Build.0 = Release|x86
		{9EF6C17F-20DC-4BA7-A493-27917DF4CC9A}.Release|Win32.ActiveCfg = Release|x86
		{9EF6C17F-20DC-4BA7-A493-27917DF4CC9A}.Release|Win32.Build.0 = Release|x86
		{9EF6C17F-20DC-4BA7-A493-27917DF4CC9A}.Release|x64.ActiveCfg = Release|Any CPU
		{9EF6C17F-20DC-4BA7-A493-27917DF4CC9A}.Release|x64.Build.0 = Release|Any CPU
		{9EF6C17F-20DC-4BA7-A493-27917DF4CC9A}.Release|x86.ActiveCfg = Release|x86
		{9EF6C17F-20DC-4BA7-A493-27917DF4CC9A}.Release|x86.Build.0 = Release|x86
		{B67457A8-3A4A-4D3A-BA91-5297FBCBA641}.Debug|Any CPU.ActiveCfg = Debug|Any CPU
		{B67457A8-3A4A-4D3A-BA91-5297FBCBA641}.Debug|Any CPU.Build.0 = Debug|Any CPU
		{B67457A8-3A4A-4D3A-BA91-5297FBCBA641}.Debug|Mixed Platforms.ActiveCfg = Debug|Any CPU
		{B67457A8-3A4A-4D3A-BA91-5297FBCBA641}.Debug|Mixed Platforms.Build.0 = Debug|Any CPU
		{B67457A8-3A4A-4D3A-BA91-5297FBCBA641}.Debug|Win32.ActiveCfg = Debug|Any CPU
		{B67457A8-3A4A-4D3A-BA91-5297FBCBA641}.Debug|x64.ActiveCfg = Debug|Any CPU
		{B67457A8-3A4A-4D3A-BA91-5297FBCBA641}.Debug|x64.Build.0 = Debug|Any CPU
		{B67457A8-3A4A-4D3A-BA91-5297FBCBA641}.Debug|x86.ActiveCfg = Debug|Any CPU
		{B67457A8-3A4A-4D3A-BA91-5297FBCBA641}.IIS 6.0|Any CPU.ActiveCfg = Release|Any CPU
		{B67457A8-3A4A-4D3A-BA91-5297FBCBA641}.IIS 6.0|Any CPU.Build.0 = Release|Any CPU
		{B67457A8-3A4A-4D3A-BA91-5297FBCBA641}.IIS 6.0|Mixed Platforms.ActiveCfg = Release|Any CPU
		{B67457A8-3A4A-4D3A-BA91-5297FBCBA641}.IIS 6.0|Mixed Platforms.Build.0 = Release|Any CPU
		{B67457A8-3A4A-4D3A-BA91-5297FBCBA641}.IIS 6.0|Win32.ActiveCfg = Release|Any CPU
		{B67457A8-3A4A-4D3A-BA91-5297FBCBA641}.IIS 6.0|x64.ActiveCfg = Release|Any CPU
		{B67457A8-3A4A-4D3A-BA91-5297FBCBA641}.IIS 6.0|x86.ActiveCfg = Release|Any CPU
		{B67457A8-3A4A-4D3A-BA91-5297FBCBA641}.Release|Any CPU.ActiveCfg = Release|Any CPU
		{B67457A8-3A4A-4D3A-BA91-5297FBCBA641}.Release|Any CPU.Build.0 = Release|Any CPU
		{B67457A8-3A4A-4D3A-BA91-5297FBCBA641}.Release|Mixed Platforms.ActiveCfg = Release|Any CPU
		{B67457A8-3A4A-4D3A-BA91-5297FBCBA641}.Release|Mixed Platforms.Build.0 = Release|Any CPU
		{B67457A8-3A4A-4D3A-BA91-5297FBCBA641}.Release|Win32.ActiveCfg = Release|Any CPU
		{B67457A8-3A4A-4D3A-BA91-5297FBCBA641}.Release|x64.ActiveCfg = Release|Any CPU
		{B67457A8-3A4A-4D3A-BA91-5297FBCBA641}.Release|x64.Build.0 = Release|Any CPU
		{B67457A8-3A4A-4D3A-BA91-5297FBCBA641}.Release|x86.ActiveCfg = Release|Any CPU
		{C8C01BF9-E2C6-44CE-B614-63354DFFA7B5}.Debug|Any CPU.ActiveCfg = Debug|Any CPU
		{C8C01BF9-E2C6-44CE-B614-63354DFFA7B5}.Debug|Any CPU.Build.0 = Debug|Any CPU
		{C8C01BF9-E2C6-44CE-B614-63354DFFA7B5}.Debug|Mixed Platforms.ActiveCfg = Debug|x86
		{C8C01BF9-E2C6-44CE-B614-63354DFFA7B5}.Debug|Mixed Platforms.Build.0 = Debug|x86
		{C8C01BF9-E2C6-44CE-B614-63354DFFA7B5}.Debug|Win32.ActiveCfg = Debug|x86
		{C8C01BF9-E2C6-44CE-B614-63354DFFA7B5}.Debug|Win32.Build.0 = Debug|x86
		{C8C01BF9-E2C6-44CE-B614-63354DFFA7B5}.Debug|x64.ActiveCfg = Debug|Any CPU
		{C8C01BF9-E2C6-44CE-B614-63354DFFA7B5}.Debug|x64.Build.0 = Debug|Any CPU
		{C8C01BF9-E2C6-44CE-B614-63354DFFA7B5}.Debug|x86.ActiveCfg = Debug|x86
		{C8C01BF9-E2C6-44CE-B614-63354DFFA7B5}.Debug|x86.Build.0 = Debug|x86
		{C8C01BF9-E2C6-44CE-B614-63354DFFA7B5}.IIS 6.0|Any CPU.ActiveCfg = Release|x86
		{C8C01BF9-E2C6-44CE-B614-63354DFFA7B5}.IIS 6.0|Mixed Platforms.ActiveCfg = Release|x86
		{C8C01BF9-E2C6-44CE-B614-63354DFFA7B5}.IIS 6.0|Mixed Platforms.Build.0 = Release|x86
		{C8C01BF9-E2C6-44CE-B614-63354DFFA7B5}.IIS 6.0|Win32.ActiveCfg = Release|x86
		{C8C01BF9-E2C6-44CE-B614-63354DFFA7B5}.IIS 6.0|Win32.Build.0 = Release|x86
		{C8C01BF9-E2C6-44CE-B614-63354DFFA7B5}.IIS 6.0|x64.ActiveCfg = Release|x64
		{C8C01BF9-E2C6-44CE-B614-63354DFFA7B5}.IIS 6.0|x64.Build.0 = Release|x64
		{C8C01BF9-E2C6-44CE-B614-63354DFFA7B5}.IIS 6.0|x86.ActiveCfg = Release|x86
		{C8C01BF9-E2C6-44CE-B614-63354DFFA7B5}.IIS 6.0|x86.Build.0 = Release|x86
		{C8C01BF9-E2C6-44CE-B614-63354DFFA7B5}.Release|Any CPU.ActiveCfg = Release|Any CPU
		{C8C01BF9-E2C6-44CE-B614-63354DFFA7B5}.Release|Any CPU.Build.0 = Release|Any CPU
		{C8C01BF9-E2C6-44CE-B614-63354DFFA7B5}.Release|Mixed Platforms.ActiveCfg = Release|x86
		{C8C01BF9-E2C6-44CE-B614-63354DFFA7B5}.Release|Mixed Platforms.Build.0 = Release|x86
		{C8C01BF9-E2C6-44CE-B614-63354DFFA7B5}.Release|Win32.ActiveCfg = Release|x86
		{C8C01BF9-E2C6-44CE-B614-63354DFFA7B5}.Release|Win32.Build.0 = Release|x86
		{C8C01BF9-E2C6-44CE-B614-63354DFFA7B5}.Release|x64.ActiveCfg = Release|Any CPU
		{C8C01BF9-E2C6-44CE-B614-63354DFFA7B5}.Release|x64.Build.0 = Release|Any CPU
		{C8C01BF9-E2C6-44CE-B614-63354DFFA7B5}.Release|x86.ActiveCfg = Release|x86
		{C8C01BF9-E2C6-44CE-B614-63354DFFA7B5}.Release|x86.Build.0 = Release|x86
		{412153FF-046E-489E-A6A6-2E53A065E859}.Debug|Any CPU.ActiveCfg = Debug|Any CPU
		{412153FF-046E-489E-A6A6-2E53A065E859}.Debug|Any CPU.Build.0 = Debug|Any CPU
		{412153FF-046E-489E-A6A6-2E53A065E859}.Debug|Mixed Platforms.ActiveCfg = Debug|Any CPU
		{412153FF-046E-489E-A6A6-2E53A065E859}.Debug|Mixed Platforms.Build.0 = Debug|Any CPU
		{412153FF-046E-489E-A6A6-2E53A065E859}.Debug|Win32.ActiveCfg = Debug|Any CPU
		{412153FF-046E-489E-A6A6-2E53A065E859}.Debug|x64.ActiveCfg = Debug|Any CPU
		{412153FF-046E-489E-A6A6-2E53A065E859}.Debug|x64.Build.0 = Debug|Any CPU
		{412153FF-046E-489E-A6A6-2E53A065E859}.Debug|x86.ActiveCfg = Debug|Any CPU
		{412153FF-046E-489E-A6A6-2E53A065E859}.IIS 6.0|Any CPU.ActiveCfg = Release|Any CPU
		{412153FF-046E-489E-A6A6-2E53A065E859}.IIS 6.0|Any CPU.Build.0 = Release|Any CPU
		{412153FF-046E-489E-A6A6-2E53A065E859}.IIS 6.0|Mixed Platforms.ActiveCfg = Release|Any CPU
		{412153FF-046E-489E-A6A6-2E53A065E859}.IIS 6.0|Mixed Platforms.Build.0 = Release|Any CPU
		{412153FF-046E-489E-A6A6-2E53A065E859}.IIS 6.0|Win32.ActiveCfg = Release|Any CPU
		{412153FF-046E-489E-A6A6-2E53A065E859}.IIS 6.0|x64.ActiveCfg = Release|Any CPU
		{412153FF-046E-489E-A6A6-2E53A065E859}.IIS 6.0|x86.ActiveCfg = Release|Any CPU
		{412153FF-046E-489E-A6A6-2E53A065E859}.Release|Any CPU.ActiveCfg = Release|Any CPU
		{412153FF-046E-489E-A6A6-2E53A065E859}.Release|Any CPU.Build.0 = Release|Any CPU
		{412153FF-046E-489E-A6A6-2E53A065E859}.Release|Mixed Platforms.ActiveCfg = Release|Any CPU
		{412153FF-046E-489E-A6A6-2E53A065E859}.Release|Mixed Platforms.Build.0 = Release|Any CPU
		{412153FF-046E-489E-A6A6-2E53A065E859}.Release|Win32.ActiveCfg = Release|Any CPU
		{412153FF-046E-489E-A6A6-2E53A065E859}.Release|x64.ActiveCfg = Release|Any CPU
		{412153FF-046E-489E-A6A6-2E53A065E859}.Release|x64.Build.0 = Release|Any CPU
		{412153FF-046E-489E-A6A6-2E53A065E859}.Release|x86.ActiveCfg = Release|Any CPU
		{9A334BF9-42CE-4DB5-91D4-4443A83F20CB}.Debug|Any CPU.ActiveCfg = Debug|Any CPU
		{9A334BF9-42CE-4DB5-91D4-4443A83F20CB}.Debug|Any CPU.Build.0 = Debug|Any CPU
		{9A334BF9-42CE-4DB5-91D4-4443A83F20CB}.Debug|Mixed Platforms.ActiveCfg = Debug|Any CPU
		{9A334BF9-42CE-4DB5-91D4-4443A83F20CB}.Debug|Mixed Platforms.Build.0 = Debug|Any CPU
		{9A334BF9-42CE-4DB5-91D4-4443A83F20CB}.Debug|Win32.ActiveCfg = Debug|Any CPU
		{9A334BF9-42CE-4DB5-91D4-4443A83F20CB}.Debug|x64.ActiveCfg = Debug|Any CPU
		{9A334BF9-42CE-4DB5-91D4-4443A83F20CB}.Debug|x64.Build.0 = Debug|Any CPU
		{9A334BF9-42CE-4DB5-91D4-4443A83F20CB}.Debug|x86.ActiveCfg = Debug|Any CPU
		{9A334BF9-42CE-4DB5-91D4-4443A83F20CB}.IIS 6.0|Any CPU.ActiveCfg = Release|Any CPU
		{9A334BF9-42CE-4DB5-91D4-4443A83F20CB}.IIS 6.0|Any CPU.Build.0 = Release|Any CPU
		{9A334BF9-42CE-4DB5-91D4-4443A83F20CB}.IIS 6.0|Mixed Platforms.ActiveCfg = Release|Any CPU
		{9A334BF9-42CE-4DB5-91D4-4443A83F20CB}.IIS 6.0|Mixed Platforms.Build.0 = Release|Any CPU
		{9A334BF9-42CE-4DB5-91D4-4443A83F20CB}.IIS 6.0|Win32.ActiveCfg = Release|Any CPU
		{9A334BF9-42CE-4DB5-91D4-4443A83F20CB}.IIS 6.0|x64.ActiveCfg = Release|Any CPU
		{9A334BF9-42CE-4DB5-91D4-4443A83F20CB}.IIS 6.0|x86.ActiveCfg = Release|Any CPU
		{9A334BF9-42CE-4DB5-91D4-4443A83F20CB}.Release|Any CPU.ActiveCfg = Release|Any CPU
		{9A334BF9-42CE-4DB5-91D4-4443A83F20CB}.Release|Any CPU.Build.0 = Release|Any CPU
		{9A334BF9-42CE-4DB5-91D4-4443A83F20CB}.Release|Mixed Platforms.ActiveCfg = Release|Any CPU
		{9A334BF9-42CE-4DB5-91D4-4443A83F20CB}.Release|Mixed Platforms.Build.0 = Release|Any CPU
		{9A334BF9-42CE-4DB5-91D4-4443A83F20CB}.Release|Win32.ActiveCfg = Release|Any CPU
		{9A334BF9-42CE-4DB5-91D4-4443A83F20CB}.Release|x64.ActiveCfg = Release|Any CPU
		{9A334BF9-42CE-4DB5-91D4-4443A83F20CB}.Release|x64.Build.0 = Release|Any CPU
		{9A334BF9-42CE-4DB5-91D4-4443A83F20CB}.Release|x86.ActiveCfg = Release|Any CPU
		{32BD8D32-DBC0-41D2-99AD-2E5B3E0CC928}.Debug|Any CPU.ActiveCfg = Debug|Any CPU
		{32BD8D32-DBC0-41D2-99AD-2E5B3E0CC928}.Debug|Any CPU.Build.0 = Debug|Any CPU
		{32BD8D32-DBC0-41D2-99AD-2E5B3E0CC928}.Debug|Mixed Platforms.ActiveCfg = Debug|Any CPU
		{32BD8D32-DBC0-41D2-99AD-2E5B3E0CC928}.Debug|Mixed Platforms.Build.0 = Debug|Any CPU
		{32BD8D32-DBC0-41D2-99AD-2E5B3E0CC928}.Debug|Win32.ActiveCfg = Debug|Any CPU
		{32BD8D32-DBC0-41D2-99AD-2E5B3E0CC928}.Debug|x64.ActiveCfg = Debug|Any CPU
		{32BD8D32-DBC0-41D2-99AD-2E5B3E0CC928}.Debug|x64.Build.0 = Debug|Any CPU
		{32BD8D32-DBC0-41D2-99AD-2E5B3E0CC928}.Debug|x86.ActiveCfg = Debug|Any CPU
		{32BD8D32-DBC0-41D2-99AD-2E5B3E0CC928}.IIS 6.0|Any CPU.ActiveCfg = Release|Any CPU
		{32BD8D32-DBC0-41D2-99AD-2E5B3E0CC928}.IIS 6.0|Any CPU.Build.0 = Release|Any CPU
		{32BD8D32-DBC0-41D2-99AD-2E5B3E0CC928}.IIS 6.0|Mixed Platforms.ActiveCfg = Release|Any CPU
		{32BD8D32-DBC0-41D2-99AD-2E5B3E0CC928}.IIS 6.0|Mixed Platforms.Build.0 = Release|Any CPU
		{32BD8D32-DBC0-41D2-99AD-2E5B3E0CC928}.IIS 6.0|Win32.ActiveCfg = Release|Any CPU
		{32BD8D32-DBC0-41D2-99AD-2E5B3E0CC928}.IIS 6.0|x64.ActiveCfg = Release|Any CPU
		{32BD8D32-DBC0-41D2-99AD-2E5B3E0CC928}.IIS 6.0|x86.ActiveCfg = Release|Any CPU
		{32BD8D32-DBC0-41D2-99AD-2E5B3E0CC928}.Release|Any CPU.ActiveCfg = Release|Any CPU
		{32BD8D32-DBC0-41D2-99AD-2E5B3E0CC928}.Release|Any CPU.Build.0 = Release|Any CPU
		{32BD8D32-DBC0-41D2-99AD-2E5B3E0CC928}.Release|Mixed Platforms.ActiveCfg = Release|Any CPU
		{32BD8D32-DBC0-41D2-99AD-2E5B3E0CC928}.Release|Mixed Platforms.Build.0 = Release|Any CPU
		{32BD8D32-DBC0-41D2-99AD-2E5B3E0CC928}.Release|Win32.ActiveCfg = Release|Any CPU
		{32BD8D32-DBC0-41D2-99AD-2E5B3E0CC928}.Release|x64.ActiveCfg = Release|Any CPU
		{32BD8D32-DBC0-41D2-99AD-2E5B3E0CC928}.Release|x64.Build.0 = Release|Any CPU
		{32BD8D32-DBC0-41D2-99AD-2E5B3E0CC928}.Release|x86.ActiveCfg = Release|Any CPU
		{84C85D72-5CA9-4C76-838F-9A9FBA0F59FF}.Debug|Any CPU.ActiveCfg = Debug|Any CPU
		{84C85D72-5CA9-4C76-838F-9A9FBA0F59FF}.Debug|Any CPU.Build.0 = Debug|Any CPU
		{84C85D72-5CA9-4C76-838F-9A9FBA0F59FF}.Debug|Mixed Platforms.ActiveCfg = Debug|Any CPU
		{84C85D72-5CA9-4C76-838F-9A9FBA0F59FF}.Debug|Mixed Platforms.Build.0 = Debug|Any CPU
		{84C85D72-5CA9-4C76-838F-9A9FBA0F59FF}.Debug|Win32.ActiveCfg = Debug|Any CPU
		{84C85D72-5CA9-4C76-838F-9A9FBA0F59FF}.Debug|x64.ActiveCfg = Debug|Any CPU
		{84C85D72-5CA9-4C76-838F-9A9FBA0F59FF}.Debug|x86.ActiveCfg = Debug|Any CPU
		{84C85D72-5CA9-4C76-838F-9A9FBA0F59FF}.IIS 6.0|Any CPU.ActiveCfg = Release|Any CPU
		{84C85D72-5CA9-4C76-838F-9A9FBA0F59FF}.IIS 6.0|Any CPU.Build.0 = Release|Any CPU
		{84C85D72-5CA9-4C76-838F-9A9FBA0F59FF}.IIS 6.0|Mixed Platforms.ActiveCfg = Release|Any CPU
		{84C85D72-5CA9-4C76-838F-9A9FBA0F59FF}.IIS 6.0|Mixed Platforms.Build.0 = Release|Any CPU
		{84C85D72-5CA9-4C76-838F-9A9FBA0F59FF}.IIS 6.0|Win32.ActiveCfg = Release|Any CPU
		{84C85D72-5CA9-4C76-838F-9A9FBA0F59FF}.IIS 6.0|x64.ActiveCfg = Release|Any CPU
		{84C85D72-5CA9-4C76-838F-9A9FBA0F59FF}.IIS 6.0|x86.ActiveCfg = Release|Any CPU
		{84C85D72-5CA9-4C76-838F-9A9FBA0F59FF}.Release|Any CPU.ActiveCfg = Release|Any CPU
		{84C85D72-5CA9-4C76-838F-9A9FBA0F59FF}.Release|Any CPU.Build.0 = Release|Any CPU
		{84C85D72-5CA9-4C76-838F-9A9FBA0F59FF}.Release|Mixed Platforms.ActiveCfg = Release|Any CPU
		{84C85D72-5CA9-4C76-838F-9A9FBA0F59FF}.Release|Mixed Platforms.Build.0 = Release|Any CPU
		{84C85D72-5CA9-4C76-838F-9A9FBA0F59FF}.Release|Win32.ActiveCfg = Release|Any CPU
		{84C85D72-5CA9-4C76-838F-9A9FBA0F59FF}.Release|x64.ActiveCfg = Release|Any CPU
		{84C85D72-5CA9-4C76-838F-9A9FBA0F59FF}.Release|x64.Build.0 = Release|Any CPU
		{84C85D72-5CA9-4C76-838F-9A9FBA0F59FF}.Release|x86.ActiveCfg = Release|Any CPU
	EndGlobalSection
	GlobalSection(SolutionProperties) = preSolution
		HideSolutionNode = FALSE
	EndGlobalSection
EndGlobal
